
Microsoft Visual Studio Solution File, Format Version 12.00
# Visual Studio Version 17
VisualStudioVersion = 17.5.33414.496
MinimumVisualStudioVersion = 10.0.40219.1
Project("{FAE04EC0-301F-11D3-BF4B-00C04F79EFBC}") = "MyTaskInteview", "MyTaskInteview\MyTaskInteview.csproj", "{435F6F7C-240E-49B2-814D-F8B70F3C9B8E}"
EndProject
Project("{2150E333-8FDC-42A3-9474-1A3956D46DE8}") = "Source", "Source", "{8002E03A-F01E-437F-95F7-AF1CA9C9BC8A}"
EndProject
Project("{FAE04EC0-301F-11D3-BF4B-00C04F79EFBC}") = "Application", "Application\Application.csproj", "{1E44A3ED-DF2E-4873-90DB-39814E91C8C7}"
EndProject
Project("{FAE04EC0-301F-11D3-BF4B-00C04F79EFBC}") = "Domain", "Domain\Domain.csproj", "{C72C7296-48AB-4386-AEEE-3F6F0EFFF92D}"
EndProject
Project("{FAE04EC0-301F-11D3-BF4B-00C04F79EFBC}") = "DTOS", "DTOS\DTOS.csproj", "{D4E85B13-2E01-4F92-8FCE-416A2A5C7F55}"
EndProject
Project("{FAE04EC0-301F-11D3-BF4B-00C04F79EFBC}") = "InfraStructure", "InfraStructure\InfraStructure.csproj", "{003D8BA3-B259-4AD7-AEF4-DC6882448679}"
EndProject
Project("{FAE04EC0-301F-11D3-BF4B-00C04F79EFBC}") = "DBContext", "DBContext\DBContext.csproj", "{975A5A5C-FECC-4866-A366-B1DB0E2C9874}"
EndProject
Global
	GlobalSection(SolutionConfigurationPlatforms) = preSolution
		Debug|Any CPU = Debug|Any CPU
		Release|Any CPU = Release|Any CPU
	EndGlobalSection
	GlobalSection(ProjectConfigurationPlatforms) = postSolution
		{435F6F7C-240E-49B2-814D-F8B70F3C9B8E}.Debug|Any CPU.ActiveCfg = Debug|Any CPU
		{435F6F7C-240E-49B2-814D-F8B70F3C9B8E}.Debug|Any CPU.Build.0 = Debug|Any CPU
		{435F6F7C-240E-49B2-814D-F8B70F3C9B8E}.Release|Any CPU.ActiveCfg = Release|Any CPU
		{435F6F7C-240E-49B2-814D-F8B70F3C9B8E}.Release|Any CPU.Build.0 = Release|Any CPU
		{1E44A3ED-DF2E-4873-90DB-39814E91C8C7}.Debug|Any CPU.ActiveCfg = Debug|Any CPU
		{1E44A3ED-DF2E-4873-90DB-39814E91C8C7}.Debug|Any CPU.Build.0 = Debug|Any CPU
		{1E44A3ED-DF2E-4873-90DB-39814E91C8C7}.Release|Any CPU.ActiveCfg = Release|Any CPU
		{1E44A3ED-DF2E-4873-90DB-39814E91C8C7}.Release|Any CPU.Build.0 = Release|Any CPU
		{C72C7296-48AB-4386-AEEE-3F6F0EFFF92D}.Debug|Any CPU.ActiveCfg = Debug|Any CPU
		{C72C7296-48AB-4386-AEEE-3F6F0EFFF92D}.Debug|Any CPU.Build.0 = Debug|Any CPU
		{C72C7296-48AB-4386-AEEE-3F6F0EFFF92D}.Release|Any CPU.ActiveCfg = Release|Any CPU
		{C72C7296-48AB-4386-AEEE-3F6F0EFFF92D}.Release|Any CPU.Build.0 = Release|Any CPU
		{D4E85B13-2E01-4F92-8FCE-416A2A5C7F55}.Debug|Any CPU.ActiveCfg = Debug|Any CPU
		{D4E85B13-2E01-4F92-8FCE-416A2A5C7F55}.Debug|Any CPU.Build.0 = Debug|Any CPU
		{D4E85B13-2E01-4F92-8FCE-416A2A5C7F55}.Release|Any CPU.ActiveCfg = Release|Any CPU
		{D4E85B13-2E01-4F92-8FCE-416A2A5C7F55}.Release|Any CPU.Build.0 = Release|Any CPU
		{003D8BA3-B259-4AD7-AEF4-DC6882448679}.Debug|Any CPU.ActiveCfg = Debug|Any CPU
		{003D8BA3-B259-4AD7-AEF4-DC6882448679}.Debug|Any CPU.Build.0 = Debug|Any CPU
		{003D8BA3-B259-4AD7-AEF4-DC6882448679}.Release|Any CPU.ActiveCfg = Release|Any CPU
		{003D8BA3-B259-4AD7-AEF4-DC6882448679}.Release|Any CPU.Build.0 = Release|Any CPU
		{975A5A5C-FECC-4866-A366-B1DB0E2C9874}.Debug|Any CPU.ActiveCfg = Debug|Any CPU
		{975A5A5C-FECC-4866-A366-B1DB0E2C9874}.Debug|Any CPU.Build.0 = Debug|Any CPU
		{975A5A5C-FECC-4866-A366-B1DB0E2C9874}.Release|Any CPU.ActiveCfg = Release|Any CPU
		{975A5A5C-FECC-4866-A366-B1DB0E2C9874}.Release|Any CPU.Build.0 = Release|Any CPU
	EndGlobalSection
	GlobalSection(SolutionProperties) = preSolution
		HideSolutionNode = FALSE
	EndGlobalSection
	GlobalSection(NestedProjects) = preSolution
		{1E44A3ED-DF2E-4873-90DB-39814E91C8C7} = {8002E03A-F01E-437F-95F7-AF1CA9C9BC8A}
		{C72C7296-48AB-4386-AEEE-3F6F0EFFF92D} = {8002E03A-F01E-437F-95F7-AF1CA9C9BC8A}
		{D4E85B13-2E01-4F92-8FCE-416A2A5C7F55} = {8002E03A-F01E-437F-95F7-AF1CA9C9BC8A}
		{003D8BA3-B259-4AD7-AEF4-DC6882448679} = {8002E03A-F01E-437F-95F7-AF1CA9C9BC8A}
		{975A5A5C-FECC-4866-A366-B1DB0E2C9874} = {8002E03A-F01E-437F-95F7-AF1CA9C9BC8A}
	EndGlobalSection
	GlobalSection(ExtensibilityGlobals) = postSolution
		SolutionGuid = {71C3ED3B-AF5E-40A1-8E02-AE1B21D948F6}
	EndGlobalSection
EndGlobal
